
Microsoft Visual Studio Solution File, Format Version 12.00
# Visual Studio 15
VisualStudioVersion = 15.0.27428.2002
MinimumVisualStudioVersion = 10.0.40219.1
Project("{FAE04EC0-301F-11D3-BF4B-00C04F79EFBC}") = "MyWebApplication", "MyWebApplication\MyWebApplication.csproj", "{96E45F64-333C-4A96-B933-0879429058B9}"
EndProject
Global
	GlobalSection(SolutionConfigurationPlatforms) = preSolution
		Debug|Any CPU = Debug|Any CPU
		Release|Any CPU = Release|Any CPU
	EndGlobalSection
	GlobalSection(ProjectConfigurationPlatforms) = postSolution
		{96E45F64-333C-4A96-B933-0879429058B9}.Debug|Any CPU.ActiveCfg = Debug|Any CPU
		{96E45F64-333C-4A96-B933-0879429058B9}.Debug|Any CPU.Build.0 = Debug|Any CPU
		{96E45F64-333C-4A96-B933-0879429058B9}.Release|Any CPU.ActiveCfg = Release|Any CPU
		{96E45F64-333C-4A96-B933-0879429058B9}.Release|Any CPU.Build.0 = Release|Any CPU
	EndGlobalSection
	GlobalSection(SolutionProperties) = preSolution
		HideSolutionNode = FALSE
	EndGlobalSection
	GlobalSection(ExtensibilityGlobals) = postSolution
		SolutionGuid = {A06FACFB-1A7E-4D3B-9124-C590B9E540B3}
	EndGlobalSection
EndGlobal
